{
  "requires": true,
  "lockfileVersion": 1,
  "dependencies": {
    "@react-native-community/picker": {
      "version": "1.8.1",
      "resolved": "https://registry.npmjs.org/@react-native-community/picker/-/picker-1.8.1.tgz",
      "integrity": "sha512-Sj9DzX1CSnmYiuEQ5fQhExoo4XjSKoZkqLPAAybycq6RHtCuWppf+eJXRMCOJki25BlKSSt+qVqg0fIe//ujNQ=="
    }
  }
}
